// !$*UTF8*$!
{
	archiveVersion = 1;
	classes = {
	};
	objectVersion = 56;
	objects = {

/* Begin PBXBuildFile section */
		390C5A272ACBF40A0087AFB6 /* AlbumViewController.swift in Sources */ = {isa = PBXBuildFile; fileRef = 390C5A262ACBF40A0087AFB6 /* AlbumViewController.swift */; };
		390C5A292ACBF4A30087AFB6 /* PlaylistViewController.swift in Sources */ = {isa = PBXBuildFile; fileRef = 390C5A282ACBF4A30087AFB6 /* PlaylistViewController.swift */; };
		390C5A2C2ACBF55A0087AFB6 /* BaseNavigationController.swift in Sources */ = {isa = PBXBuildFile; fileRef = 390C5A2B2ACBF55A0087AFB6 /* BaseNavigationController.swift */; };
		390C5A2E2ACBF82F0087AFB6 /* AlbumDetailResponse.swift in Sources */ = {isa = PBXBuildFile; fileRef = 390C5A2D2ACBF82F0087AFB6 /* AlbumDetailResponse.swift */; };
		390C5A302ACBFD5D0087AFB6 /* PlaylistDetailResponse.swift in Sources */ = {isa = PBXBuildFile; fileRef = 390C5A2F2ACBFD5D0087AFB6 /* PlaylistDetailResponse.swift */; };
		390C5A322ACBFEDF0087AFB6 /* TracksResponse.swift in Sources */ = {isa = PBXBuildFile; fileRef = 390C5A312ACBFEDF0087AFB6 /* TracksResponse.swift */; };
		390C5A342ACC02920087AFB6 /* PlaylistTracksResponse.swift in Sources */ = {isa = PBXBuildFile; fileRef = 390C5A332ACC02920087AFB6 /* PlaylistTracksResponse.swift */; };
		390C5A362ACC02A10087AFB6 /* PlaylistItemResponse.swift in Sources */ = {isa = PBXBuildFile; fileRef = 390C5A352ACC02A10087AFB6 /* PlaylistItemResponse.swift */; };
		390C5A382ACC07AB0087AFB6 /* PlaylistCollectionReuseableView.swift in Sources */ = {isa = PBXBuildFile; fileRef = 390C5A372ACC07AB0087AFB6 /* PlaylistCollectionReuseableView.swift */; };
		390C5A3A2ACC09FD0087AFB6 /* PlaylisstHeaderViewModel.swift in Sources */ = {isa = PBXBuildFile; fileRef = 390C5A392ACC09FD0087AFB6 /* PlaylisstHeaderViewModel.swift */; };
		391BFA912ACAEAD500565C31 /* NewReleaseCollectionViewCell.swift in Sources */ = {isa = PBXBuildFile; fileRef = 391BFA902ACAEAD500565C31 /* NewReleaseCollectionViewCell.swift */; };
		391BFA932ACAEB4200565C31 /* FeaturedPlaylistCollectionViewCell.swift in Sources */ = {isa = PBXBuildFile; fileRef = 391BFA922ACAEB4200565C31 /* FeaturedPlaylistCollectionViewCell.swift */; };
		391BFA952ACAEB5500565C31 /* Reuseable.swift in Sources */ = {isa = PBXBuildFile; fileRef = 391BFA942ACAEB5500565C31 /* Reuseable.swift */; };
		391BFA972ACAEB7A00565C31 /* RecommendedTrackCollectionViewCell.swift in Sources */ = {isa = PBXBuildFile; fileRef = 391BFA962ACAEB7A00565C31 /* RecommendedTrackCollectionViewCell.swift */; };
		391BFA992ACAEC9B00565C31 /* NewReleaseCellViewModel.swift in Sources */ = {isa = PBXBuildFile; fileRef = 391BFA982ACAEC9B00565C31 /* NewReleaseCellViewModel.swift */; };
		391BFA9B2ACAF4D900565C31 /* FeaturedPlaylistViewModel.swift in Sources */ = {isa = PBXBuildFile; fileRef = 391BFA9A2ACAF4D900565C31 /* FeaturedPlaylistViewModel.swift */; };
		391BFA9D2ACAF4EA00565C31 /* RecommendedTrackViewModel.swift in Sources */ = {isa = PBXBuildFile; fileRef = 391BFA9C2ACAF4EA00565C31 /* RecommendedTrackViewModel.swift */; };
		391BFA9F2ACAF5AC00565C31 /* String+Extension.swift in Sources */ = {isa = PBXBuildFile; fileRef = 391BFA9E2ACAF5AC00565C31 /* String+Extension.swift */; };
		3949BF882AC0098200935882 /* AuthError.swift in Sources */ = {isa = PBXBuildFile; fileRef = 3949BF872AC0098200935882 /* AuthError.swift */; };
		3949BF8D2AC0277100935882 /* APICaller.swift in Sources */ = {isa = PBXBuildFile; fileRef = 3949BF8C2AC0277100935882 /* APICaller.swift */; };
		3949BF8F2AC02D4500935882 /* CombineProtocol.swift in Sources */ = {isa = PBXBuildFile; fileRef = 3949BF8E2AC02D4500935882 /* CombineProtocol.swift */; };
		3949BF922AC0318E00935882 /* UserProfile.swift in Sources */ = {isa = PBXBuildFile; fileRef = 3949BF912AC0318E00935882 /* UserProfile.swift */; };
		3949BF942AC0374300935882 /* SuccessType.swift in Sources */ = {isa = PBXBuildFile; fileRef = 3949BF932AC0374300935882 /* SuccessType.swift */; };
		3949BF962AC037B600935882 /* UserDefaultsKeys.swift in Sources */ = {isa = PBXBuildFile; fileRef = 3949BF952AC037B600935882 /* UserDefaultsKeys.swift */; };
		3949BF982AC0383100935882 /* AccountViewController.swift in Sources */ = {isa = PBXBuildFile; fileRef = 3949BF972AC0383100935882 /* AccountViewController.swift */; };
		3949BF9A2AC0395D00935882 /* AccountViewModel.swift in Sources */ = {isa = PBXBuildFile; fileRef = 3949BF992AC0395D00935882 /* AccountViewModel.swift */; };
		3949BF9F2AC0426F00935882 /* SettingsViewController.swift in Sources */ = {isa = PBXBuildFile; fileRef = 3949BF9E2AC0426F00935882 /* SettingsViewController.swift */; };
		3949BFA32AC0472E00935882 /* HomeViewController.swift in Sources */ = {isa = PBXBuildFile; fileRef = 3949BFA22AC0472E00935882 /* HomeViewController.swift */; };
		3949BFA62AC04F5B00935882 /* Section.swift in Sources */ = {isa = PBXBuildFile; fileRef = 3949BFA52AC04F5B00935882 /* Section.swift */; };
		3949BFA82AC0634F00935882 /* CellData.swift in Sources */ = {isa = PBXBuildFile; fileRef = 3949BFA72AC0634F00935882 /* CellData.swift */; };
		3949BFAB2AC063ED00935882 /* SDWebImage in Frameworks */ = {isa = PBXBuildFile; productRef = 3949BFAA2AC063ED00935882 /* SDWebImage */; };
		3949BFAE2AC0656400935882 /* FirebaseAnalytics in Frameworks */ = {isa = PBXBuildFile; productRef = 3949BFAD2AC0656400935882 /* FirebaseAnalytics */; };
		39842F732ACAC226006008DC /* NewReleaseResponse.swift in Sources */ = {isa = PBXBuildFile; fileRef = 39842F722ACAC226006008DC /* NewReleaseResponse.swift */; };
		39842F752ACAC230006008DC /* AlbumsResponse.swift in Sources */ = {isa = PBXBuildFile; fileRef = 39842F742ACAC230006008DC /* AlbumsResponse.swift */; };
		39842F772ACAC23B006008DC /* Album.swift in Sources */ = {isa = PBXBuildFile; fileRef = 39842F762ACAC23B006008DC /* Album.swift */; };
		39842F792ACAC249006008DC /* Artist.swift in Sources */ = {isa = PBXBuildFile; fileRef = 39842F782ACAC249006008DC /* Artist.swift */; };
		39842F7B2ACAC25C006008DC /* APICallerError.swift in Sources */ = {isa = PBXBuildFile; fileRef = 39842F7A2ACAC25C006008DC /* APICallerError.swift */; };
		39842F7D2ACAC279006008DC /* FeaturedPlaylistsResponse.swift in Sources */ = {isa = PBXBuildFile; fileRef = 39842F7C2ACAC279006008DC /* FeaturedPlaylistsResponse.swift */; };
		39842F7F2ACAC344006008DC /* PlaylistResponse.swift in Sources */ = {isa = PBXBuildFile; fileRef = 39842F7E2ACAC344006008DC /* PlaylistResponse.swift */; };
		39842F812ACAC34E006008DC /* Playlist.swift in Sources */ = {isa = PBXBuildFile; fileRef = 39842F802ACAC34E006008DC /* Playlist.swift */; };
		39842F832ACAC356006008DC /* User.swift in Sources */ = {isa = PBXBuildFile; fileRef = 39842F822ACAC356006008DC /* User.swift */; };
		39842F852ACAC5BE006008DC /* RecommendedGenresResponse.swift in Sources */ = {isa = PBXBuildFile; fileRef = 39842F842ACAC5BE006008DC /* RecommendedGenresResponse.swift */; };
		39842F872ACAC91E006008DC /* RecommendationsResponse.swift in Sources */ = {isa = PBXBuildFile; fileRef = 39842F862ACAC91E006008DC /* RecommendationsResponse.swift */; };
		39842F892ACAC9FF006008DC /* AudioTrack.swift in Sources */ = {isa = PBXBuildFile; fileRef = 39842F882ACAC9FF006008DC /* AudioTrack.swift */; };
		39FC86B22ABEE9300087F956 /* AuthReturnData.swift in Sources */ = {isa = PBXBuildFile; fileRef = 39FC86B12ABEE9300087F956 /* AuthReturnData.swift */; };
		39FC86B42ABEE9590087F956 /* NetworkError.swift in Sources */ = {isa = PBXBuildFile; fileRef = 39FC86B32ABEE9590087F956 /* NetworkError.swift */; };
		39FC86B62ABEE9780087F956 /* HTTPMetheod.swift in Sources */ = {isa = PBXBuildFile; fileRef = 39FC86B52ABEE9780087F956 /* HTTPMetheod.swift */; };
		39FC86B82ABEE9D50087F956 /* HTTPHeader.swift in Sources */ = {isa = PBXBuildFile; fileRef = 39FC86B72ABEE9D50087F956 /* HTTPHeader.swift */; };
		39FC86BA2ABEEA0B0087F956 /* README.md in Resources */ = {isa = PBXBuildFile; fileRef = 39FC86B92ABEEA0B0087F956 /* README.md */; };
		39FD20292ABEA255008C6DF5 /* AppDelegate.swift in Sources */ = {isa = PBXBuildFile; fileRef = 39FD20282ABEA255008C6DF5 /* AppDelegate.swift */; };
		39FD202B2ABEA255008C6DF5 /* SceneDelegate.swift in Sources */ = {isa = PBXBuildFile; fileRef = 39FD202A2ABEA255008C6DF5 /* SceneDelegate.swift */; };
		39FD20322ABEA256008C6DF5 /* Assets.xcassets in Resources */ = {isa = PBXBuildFile; fileRef = 39FD20312ABEA256008C6DF5 /* Assets.xcassets */; };
		39FD20352ABEA256008C6DF5 /* LaunchScreen.storyboard in Resources */ = {isa = PBXBuildFile; fileRef = 39FD20332ABEA256008C6DF5 /* LaunchScreen.storyboard */; };
		39FD203D2ABEA288008C6DF5 /* .gitignore in Resources */ = {isa = PBXBuildFile; fileRef = 39FD203C2ABEA288008C6DF5 /* .gitignore */; };
		39FD203F2ABEAF0E008C6DF5 /* UITabViewController.swift in Sources */ = {isa = PBXBuildFile; fileRef = 39FD203E2ABEAF0E008C6DF5 /* UITabViewController.swift */; };
		39FD20412ABEAF36008C6DF5 /* AuthManager.swift in Sources */ = {isa = PBXBuildFile; fileRef = 39FD20402ABEAF36008C6DF5 /* AuthManager.swift */; };
		39FD20462ABEB013008C6DF5 /* WelcomeViewController.swift in Sources */ = {isa = PBXBuildFile; fileRef = 39FD20452ABEB013008C6DF5 /* WelcomeViewController.swift */; };
		39FD204E2ABEB0B1008C6DF5 /* SnapKit in Frameworks */ = {isa = PBXBuildFile; productRef = 39FD204D2ABEB0B1008C6DF5 /* SnapKit */; };
		39FD20542ABEB80B008C6DF5 /* Keys.swift in Sources */ = {isa = PBXBuildFile; fileRef = 39FD20532ABEB80B008C6DF5 /* Keys.swift */; };
		39FD20562ABEB869008C6DF5 /* AuthViewController.swift in Sources */ = {isa = PBXBuildFile; fileRef = 39FD20552ABEB869008C6DF5 /* AuthViewController.swift */; };
		39FD205D2ABEBC9E008C6DF5 /* UIViewControllerPreview.swift in Sources */ = {isa = PBXBuildFile; fileRef = 39FD205C2ABEBC9E008C6DF5 /* UIViewControllerPreview.swift */; };
		39FD205F2ABEBCC3008C6DF5 /* UIViewPreview.swift in Sources */ = {isa = PBXBuildFile; fileRef = 39FD205E2ABEBCC3008C6DF5 /* UIViewPreview.swift */; };
		39FD20632ABEC9C1008C6DF5 /* UIViewController+Extension.swift in Sources */ = {isa = PBXBuildFile; fileRef = 39FD20622ABEC9C1008C6DF5 /* UIViewController+Extension.swift */; };
		39FD20662ABED2FD008C6DF5 /* NetworkService.swift in Sources */ = {isa = PBXBuildFile; fileRef = 39FD20652ABED2FD008C6DF5 /* NetworkService.swift */; };
		39FD20682ABED315008C6DF5 /* RestProtocol.swift in Sources */ = {isa = PBXBuildFile; fileRef = 39FD20672ABED315008C6DF5 /* RestProtocol.swift */; };
/* End PBXBuildFile section */

/* Begin PBXFileReference section */
		390C5A262ACBF40A0087AFB6 /* AlbumViewController.swift */ = {isa = PBXFileReference; lastKnownFileType = sourcecode.swift; path = AlbumViewController.swift; sourceTree = "<group>"; };
		390C5A282ACBF4A30087AFB6 /* PlaylistViewController.swift */ = {isa = PBXFileReference; lastKnownFileType = sourcecode.swift; path = PlaylistViewController.swift; sourceTree = "<group>"; };
		390C5A2B2ACBF55A0087AFB6 /* BaseNavigationController.swift */ = {isa = PBXFileReference; lastKnownFileType = sourcecode.swift; path = BaseNavigationController.swift; sourceTree = "<group>"; };
		390C5A2D2ACBF82F0087AFB6 /* AlbumDetailResponse.swift */ = {isa = PBXFileReference; lastKnownFileType = sourcecode.swift; path = AlbumDetailResponse.swift; sourceTree = "<group>"; };
		390C5A2F2ACBFD5D0087AFB6 /* PlaylistDetailResponse.swift */ = {isa = PBXFileReference; lastKnownFileType = sourcecode.swift; path = PlaylistDetailResponse.swift; sourceTree = "<group>"; };
		390C5A312ACBFEDF0087AFB6 /* TracksResponse.swift */ = {isa = PBXFileReference; lastKnownFileType = sourcecode.swift; path = TracksResponse.swift; sourceTree = "<group>"; };
		390C5A332ACC02920087AFB6 /* PlaylistTracksResponse.swift */ = {isa = PBXFileReference; lastKnownFileType = sourcecode.swift; path = PlaylistTracksResponse.swift; sourceTree = "<group>"; };
		390C5A352ACC02A10087AFB6 /* PlaylistItemResponse.swift */ = {isa = PBXFileReference; lastKnownFileType = sourcecode.swift; path = PlaylistItemResponse.swift; sourceTree = "<group>"; };
		390C5A372ACC07AB0087AFB6 /* PlaylistCollectionReuseableView.swift */ = {isa = PBXFileReference; lastKnownFileType = sourcecode.swift; path = PlaylistCollectionReuseableView.swift; sourceTree = "<group>"; };
		390C5A392ACC09FD0087AFB6 /* PlaylisstHeaderViewModel.swift */ = {isa = PBXFileReference; lastKnownFileType = sourcecode.swift; path = PlaylisstHeaderViewModel.swift; sourceTree = "<group>"; };
		391BFA902ACAEAD500565C31 /* NewReleaseCollectionViewCell.swift */ = {isa = PBXFileReference; lastKnownFileType = sourcecode.swift; path = NewReleaseCollectionViewCell.swift; sourceTree = "<group>"; };
		391BFA922ACAEB4200565C31 /* FeaturedPlaylistCollectionViewCell.swift */ = {isa = PBXFileReference; lastKnownFileType = sourcecode.swift; path = FeaturedPlaylistCollectionViewCell.swift; sourceTree = "<group>"; };
		391BFA942ACAEB5500565C31 /* Reuseable.swift */ = {isa = PBXFileReference; lastKnownFileType = sourcecode.swift; path = Reuseable.swift; sourceTree = "<group>"; };
		391BFA962ACAEB7A00565C31 /* RecommendedTrackCollectionViewCell.swift */ = {isa = PBXFileReference; lastKnownFileType = sourcecode.swift; path = RecommendedTrackCollectionViewCell.swift; sourceTree = "<group>"; };
		391BFA982ACAEC9B00565C31 /* NewReleaseCellViewModel.swift */ = {isa = PBXFileReference; lastKnownFileType = sourcecode.swift; path = NewReleaseCellViewModel.swift; sourceTree = "<group>"; };
		391BFA9A2ACAF4D900565C31 /* FeaturedPlaylistViewModel.swift */ = {isa = PBXFileReference; lastKnownFileType = sourcecode.swift; path = FeaturedPlaylistViewModel.swift; sourceTree = "<group>"; };
		391BFA9C2ACAF4EA00565C31 /* RecommendedTrackViewModel.swift */ = {isa = PBXFileReference; lastKnownFileType = sourcecode.swift; path = RecommendedTrackViewModel.swift; sourceTree = "<group>"; };
		391BFA9E2ACAF5AC00565C31 /* String+Extension.swift */ = {isa = PBXFileReference; lastKnownFileType = sourcecode.swift; path = "String+Extension.swift"; sourceTree = "<group>"; };
		3949BF872AC0098200935882 /* AuthError.swift */ = {isa = PBXFileReference; lastKnownFileType = sourcecode.swift; path = AuthError.swift; sourceTree = "<group>"; };
		3949BF8C2AC0277100935882 /* APICaller.swift */ = {isa = PBXFileReference; lastKnownFileType = sourcecode.swift; path = APICaller.swift; sourceTree = "<group>"; };
		3949BF8E2AC02D4500935882 /* CombineProtocol.swift */ = {isa = PBXFileReference; lastKnownFileType = sourcecode.swift; path = CombineProtocol.swift; sourceTree = "<group>"; };
		3949BF912AC0318E00935882 /* UserProfile.swift */ = {isa = PBXFileReference; lastKnownFileType = sourcecode.swift; path = UserProfile.swift; sourceTree = "<group>"; };
		3949BF932AC0374300935882 /* SuccessType.swift */ = {isa = PBXFileReference; lastKnownFileType = sourcecode.swift; path = SuccessType.swift; sourceTree = "<group>"; };
		3949BF952AC037B600935882 /* UserDefaultsKeys.swift */ = {isa = PBXFileReference; lastKnownFileType = sourcecode.swift; path = UserDefaultsKeys.swift; sourceTree = "<group>"; };
		3949BF972AC0383100935882 /* AccountViewController.swift */ = {isa = PBXFileReference; lastKnownFileType = sourcecode.swift; path = AccountViewController.swift; sourceTree = "<group>"; };
		3949BF992AC0395D00935882 /* AccountViewModel.swift */ = {isa = PBXFileReference; lastKnownFileType = sourcecode.swift; path = AccountViewModel.swift; sourceTree = "<group>"; };
		3949BF9E2AC0426F00935882 /* SettingsViewController.swift */ = {isa = PBXFileReference; lastKnownFileType = sourcecode.swift; path = SettingsViewController.swift; sourceTree = "<group>"; };
		3949BFA22AC0472E00935882 /* HomeViewController.swift */ = {isa = PBXFileReference; lastKnownFileType = sourcecode.swift; path = HomeViewController.swift; sourceTree = "<group>"; };
		3949BFA52AC04F5B00935882 /* Section.swift */ = {isa = PBXFileReference; lastKnownFileType = sourcecode.swift; path = Section.swift; sourceTree = "<group>"; };
		3949BFA72AC0634F00935882 /* CellData.swift */ = {isa = PBXFileReference; lastKnownFileType = sourcecode.swift; path = CellData.swift; sourceTree = "<group>"; };
		39842F722ACAC226006008DC /* NewReleaseResponse.swift */ = {isa = PBXFileReference; lastKnownFileType = sourcecode.swift; path = NewReleaseResponse.swift; sourceTree = "<group>"; };
		39842F742ACAC230006008DC /* AlbumsResponse.swift */ = {isa = PBXFileReference; lastKnownFileType = sourcecode.swift; path = AlbumsResponse.swift; sourceTree = "<group>"; };
		39842F762ACAC23B006008DC /* Album.swift */ = {isa = PBXFileReference; lastKnownFileType = sourcecode.swift; path = Album.swift; sourceTree = "<group>"; };
		39842F782ACAC249006008DC /* Artist.swift */ = {isa = PBXFileReference; lastKnownFileType = sourcecode.swift; path = Artist.swift; sourceTree = "<group>"; };
		39842F7A2ACAC25C006008DC /* APICallerError.swift */ = {isa = PBXFileReference; lastKnownFileType = sourcecode.swift; path = APICallerError.swift; sourceTree = "<group>"; };
		39842F7C2ACAC279006008DC /* FeaturedPlaylistsResponse.swift */ = {isa = PBXFileReference; lastKnownFileType = sourcecode.swift; path = FeaturedPlaylistsResponse.swift; sourceTree = "<group>"; };
		39842F7E2ACAC344006008DC /* PlaylistResponse.swift */ = {isa = PBXFileReference; lastKnownFileType = sourcecode.swift; path = PlaylistResponse.swift; sourceTree = "<group>"; };
		39842F802ACAC34E006008DC /* Playlist.swift */ = {isa = PBXFileReference; lastKnownFileType = sourcecode.swift; path = Playlist.swift; sourceTree = "<group>"; };
		39842F822ACAC356006008DC /* User.swift */ = {isa = PBXFileReference; lastKnownFileType = sourcecode.swift; path = User.swift; sourceTree = "<group>"; };
		39842F842ACAC5BE006008DC /* RecommendedGenresResponse.swift */ = {isa = PBXFileReference; lastKnownFileType = sourcecode.swift; path = RecommendedGenresResponse.swift; sourceTree = "<group>"; };
		39842F862ACAC91E006008DC /* RecommendationsResponse.swift */ = {isa = PBXFileReference; lastKnownFileType = sourcecode.swift; path = RecommendationsResponse.swift; sourceTree = "<group>"; };
		39842F882ACAC9FF006008DC /* AudioTrack.swift */ = {isa = PBXFileReference; lastKnownFileType = sourcecode.swift; path = AudioTrack.swift; sourceTree = "<group>"; };
		39FC86B12ABEE9300087F956 /* AuthReturnData.swift */ = {isa = PBXFileReference; lastKnownFileType = sourcecode.swift; path = AuthReturnData.swift; sourceTree = "<group>"; };
		39FC86B32ABEE9590087F956 /* NetworkError.swift */ = {isa = PBXFileReference; lastKnownFileType = sourcecode.swift; path = NetworkError.swift; sourceTree = "<group>"; };
		39FC86B52ABEE9780087F956 /* HTTPMetheod.swift */ = {isa = PBXFileReference; lastKnownFileType = sourcecode.swift; path = HTTPMetheod.swift; sourceTree = "<group>"; };
		39FC86B72ABEE9D50087F956 /* HTTPHeader.swift */ = {isa = PBXFileReference; lastKnownFileType = sourcecode.swift; path = HTTPHeader.swift; sourceTree = "<group>"; };
		39FC86B92ABEEA0B0087F956 /* README.md */ = {isa = PBXFileReference; lastKnownFileType = net.daringfireball.markdown; path = README.md; sourceTree = "<group>"; };
		39FD20252ABEA255008C6DF5 /* spotify-practice.app */ = {isa = PBXFileReference; explicitFileType = wrapper.application; includeInIndex = 0; path = "spotify-practice.app"; sourceTree = BUILT_PRODUCTS_DIR; };
		39FD20282ABEA255008C6DF5 /* AppDelegate.swift */ = {isa = PBXFileReference; lastKnownFileType = sourcecode.swift; path = AppDelegate.swift; sourceTree = "<group>"; };
		39FD202A2ABEA255008C6DF5 /* SceneDelegate.swift */ = {isa = PBXFileReference; lastKnownFileType = sourcecode.swift; path = SceneDelegate.swift; sourceTree = "<group>"; };
		39FD20312ABEA256008C6DF5 /* Assets.xcassets */ = {isa = PBXFileReference; lastKnownFileType = folder.assetcatalog; path = Assets.xcassets; sourceTree = "<group>"; };
		39FD20342ABEA256008C6DF5 /* Base */ = {isa = PBXFileReference; lastKnownFileType = file.storyboard; name = Base; path = Base.lproj/LaunchScreen.storyboard; sourceTree = "<group>"; };
		39FD20362ABEA256008C6DF5 /* Info.plist */ = {isa = PBXFileReference; lastKnownFileType = text.plist.xml; path = Info.plist; sourceTree = "<group>"; };
		39FD203C2ABEA288008C6DF5 /* .gitignore */ = {isa = PBXFileReference; lastKnownFileType = text; path = .gitignore; sourceTree = "<group>"; };
		39FD203E2ABEAF0E008C6DF5 /* UITabViewController.swift */ = {isa = PBXFileReference; lastKnownFileType = sourcecode.swift; path = UITabViewController.swift; sourceTree = "<group>"; };
		39FD20402ABEAF36008C6DF5 /* AuthManager.swift */ = {isa = PBXFileReference; lastKnownFileType = sourcecode.swift; path = AuthManager.swift; sourceTree = "<group>"; };
		39FD20452ABEB013008C6DF5 /* WelcomeViewController.swift */ = {isa = PBXFileReference; lastKnownFileType = sourcecode.swift; path = WelcomeViewController.swift; sourceTree = "<group>"; };
		39FD20532ABEB80B008C6DF5 /* Keys.swift */ = {isa = PBXFileReference; lastKnownFileType = sourcecode.swift; path = Keys.swift; sourceTree = "<group>"; };
		39FD20552ABEB869008C6DF5 /* AuthViewController.swift */ = {isa = PBXFileReference; lastKnownFileType = sourcecode.swift; path = AuthViewController.swift; sourceTree = "<group>"; };
		39FD205C2ABEBC9E008C6DF5 /* UIViewControllerPreview.swift */ = {isa = PBXFileReference; lastKnownFileType = sourcecode.swift; path = UIViewControllerPreview.swift; sourceTree = "<group>"; };
		39FD205E2ABEBCC3008C6DF5 /* UIViewPreview.swift */ = {isa = PBXFileReference; lastKnownFileType = sourcecode.swift; path = UIViewPreview.swift; sourceTree = "<group>"; };
		39FD20602ABEBD2D008C6DF5 /* ko */ = {isa = PBXFileReference; lastKnownFileType = text.plist.strings; name = ko; path = ko.lproj/LaunchScreen.strings; sourceTree = "<group>"; };
		39FD20622ABEC9C1008C6DF5 /* UIViewController+Extension.swift */ = {isa = PBXFileReference; lastKnownFileType = sourcecode.swift; path = "UIViewController+Extension.swift"; sourceTree = "<group>"; };
		39FD20652ABED2FD008C6DF5 /* NetworkService.swift */ = {isa = PBXFileReference; lastKnownFileType = sourcecode.swift; path = NetworkService.swift; sourceTree = "<group>"; };
		39FD20672ABED315008C6DF5 /* RestProtocol.swift */ = {isa = PBXFileReference; lastKnownFileType = sourcecode.swift; path = RestProtocol.swift; sourceTree = "<group>"; };
/* End PBXFileReference section */

/* Begin PBXFrameworksBuildPhase section */
		39FD20222ABEA255008C6DF5 /* Frameworks */ = {
			isa = PBXFrameworksBuildPhase;
			buildActionMask = 2147483647;
			files = (
				3949BFAB2AC063ED00935882 /* SDWebImage in Frameworks */,
				39FD204E2ABEB0B1008C6DF5 /* SnapKit in Frameworks */,
				3949BFAE2AC0656400935882 /* FirebaseAnalytics in Frameworks */,
			);
			runOnlyForDeploymentPostprocessing = 0;
		};
/* End PBXFrameworksBuildPhase section */

/* Begin PBXGroup section */
		390C5A2A2ACBF5510087AFB6 /* Base */ = {
			isa = PBXGroup;
			children = (
				390C5A2B2ACBF55A0087AFB6 /* BaseNavigationController.swift */,
			);
			path = Base;
			sourceTree = "<group>";
		};
		391BFA8F2ACAEAC500565C31 /* Browse */ = {
			isa = PBXGroup;
			children = (
				391BFA902ACAEAD500565C31 /* NewReleaseCollectionViewCell.swift */,
				391BFA982ACAEC9B00565C31 /* NewReleaseCellViewModel.swift */,
				391BFA922ACAEB4200565C31 /* FeaturedPlaylistCollectionViewCell.swift */,
				391BFA9A2ACAF4D900565C31 /* FeaturedPlaylistViewModel.swift */,
				391BFA962ACAEB7A00565C31 /* RecommendedTrackCollectionViewCell.swift */,
				391BFA9C2ACAF4EA00565C31 /* RecommendedTrackViewModel.swift */,
			);
			path = Browse;
			sourceTree = "<group>";
		};
		3949BF892AC026F200935882 /* Auth */ = {
			isa = PBXGroup;
			children = (
				39FD20552ABEB869008C6DF5 /* AuthViewController.swift */,
				3949BF872AC0098200935882 /* AuthError.swift */,
				39FC86B12ABEE9300087F956 /* AuthReturnData.swift */,
			);
			path = Auth;
			sourceTree = "<group>";
		};
		3949BF8A2AC0270100935882 /* REST */ = {
			isa = PBXGroup;
			children = (
				39FD20672ABED315008C6DF5 /* RestProtocol.swift */,
				39FC86B32ABEE9590087F956 /* NetworkError.swift */,
				39FC86B52ABEE9780087F956 /* HTTPMetheod.swift */,
				39FC86B72ABEE9D50087F956 /* HTTPHeader.swift */,
			);
			path = REST;
			sourceTree = "<group>";
		};
		3949BF902AC0318900935882 /* User */ = {
			isa = PBXGroup;
			children = (
				3949BF912AC0318E00935882 /* UserProfile.swift */,
			);
			path = User;
			sourceTree = "<group>";
		};
		3949BF9B2AC03F9500935882 /* Managers */ = {
			isa = PBXGroup;
			children = (
				39FD20402ABEAF36008C6DF5 /* AuthManager.swift */,
				3949BF8C2AC0277100935882 /* APICaller.swift */,
				39842F7A2ACAC25C006008DC /* APICallerError.swift */,
			);
			path = Managers;
			sourceTree = "<group>";
		};
		3949BF9C2AC03FA100935882 /* Services */ = {
			isa = PBXGroup;
			children = (
				39FD20652ABED2FD008C6DF5 /* NetworkService.swift */,
			);
			path = Services;
			sourceTree = "<group>";
		};
		3949BF9D2AC03FB200935882 /* Protocols */ = {
			isa = PBXGroup;
			children = (
				3949BF8E2AC02D4500935882 /* CombineProtocol.swift */,
				391BFA942ACAEB5500565C31 /* Reuseable.swift */,
			);
			path = Protocols;
			sourceTree = "<group>";
		};
		3949BFA02AC042A200935882 /* Profile */ = {
			isa = PBXGroup;
			children = (
				3949BF972AC0383100935882 /* AccountViewController.swift */,
				3949BF992AC0395D00935882 /* AccountViewModel.swift */,
			);
			path = Profile;
			sourceTree = "<group>";
		};
		3949BFA12AC042AA00935882 /* Settings */ = {
			isa = PBXGroup;
			children = (
				3949BF9E2AC0426F00935882 /* SettingsViewController.swift */,
				3949BFA02AC042A200935882 /* Profile */,
				3949BFA52AC04F5B00935882 /* Section.swift */,
				3949BFA72AC0634F00935882 /* CellData.swift */,
			);
			path = Settings;
			sourceTree = "<group>";
		};
		3949BFA42AC0476C00935882 /* Home */ = {
			isa = PBXGroup;
			children = (
				3949BFA22AC0472E00935882 /* HomeViewController.swift */,
				391BFA8F2ACAEAC500565C31 /* Browse */,
				3949BFA12AC042AA00935882 /* Settings */,
				390C5A262ACBF40A0087AFB6 /* AlbumViewController.swift */,
				390C5A282ACBF4A30087AFB6 /* PlaylistViewController.swift */,
				390C5A372ACC07AB0087AFB6 /* PlaylistCollectionReuseableView.swift */,
				390C5A392ACC09FD0087AFB6 /* PlaylisstHeaderViewModel.swift */,
			);
			path = Home;
			sourceTree = "<group>";
		};
		39842F712ACAC21E006008DC /* Models */ = {
			isa = PBXGroup;
			children = (
				39842F722ACAC226006008DC /* NewReleaseResponse.swift */,
				39842F742ACAC230006008DC /* AlbumsResponse.swift */,
				39842F762ACAC23B006008DC /* Album.swift */,
				39842F782ACAC249006008DC /* Artist.swift */,
				39842F7C2ACAC279006008DC /* FeaturedPlaylistsResponse.swift */,
				39842F7E2ACAC344006008DC /* PlaylistResponse.swift */,
				39842F802ACAC34E006008DC /* Playlist.swift */,
				39842F822ACAC356006008DC /* User.swift */,
				39842F842ACAC5BE006008DC /* RecommendedGenresResponse.swift */,
				39842F862ACAC91E006008DC /* RecommendationsResponse.swift */,
				39842F882ACAC9FF006008DC /* AudioTrack.swift */,
				390C5A2D2ACBF82F0087AFB6 /* AlbumDetailResponse.swift */,
				390C5A2F2ACBFD5D0087AFB6 /* PlaylistDetailResponse.swift */,
				390C5A312ACBFEDF0087AFB6 /* TracksResponse.swift */,
				390C5A332ACC02920087AFB6 /* PlaylistTracksResponse.swift */,
				390C5A352ACC02A10087AFB6 /* PlaylistItemResponse.swift */,
			);
			path = Models;
			sourceTree = "<group>";
		};
		39FD201C2ABEA255008C6DF5 = {
			isa = PBXGroup;
			children = (
				39FC86B92ABEEA0B0087F956 /* README.md */,
				39FD203C2ABEA288008C6DF5 /* .gitignore */,
				39FD20272ABEA255008C6DF5 /* spotify-practice */,
				39FD20262ABEA255008C6DF5 /* Products */,
			);
			sourceTree = "<group>";
		};
		39FD20262ABEA255008C6DF5 /* Products */ = {
			isa = PBXGroup;
			children = (
				39FD20252ABEA255008C6DF5 /* spotify-practice.app */,
			);
			name = Products;
			sourceTree = "<group>";
		};
		39FD20272ABEA255008C6DF5 /* spotify-practice */ = {
			isa = PBXGroup;
			children = (
				390C5A2A2ACBF5510087AFB6 /* Base */,
				39FD20282ABEA255008C6DF5 /* AppDelegate.swift */,
				39FD202A2ABEA255008C6DF5 /* SceneDelegate.swift */,
				39FD20422ABEAFDE008C6DF5 /* Presentation */,
				3949BF9B2AC03F9500935882 /* Managers */,
				39842F712ACAC21E006008DC /* Models */,
				3949BF9C2AC03FA100935882 /* Services */,
				39FD20642ABED2F0008C6DF5 /* Utils */,
				39FD20612ABEC9B5008C6DF5 /* Extension */,
				39FD205B2ABEBC8F008C6DF5 /* Previews */,
				39FD20522ABEB805008C6DF5 /* Secrets */,
				39FD20312ABEA256008C6DF5 /* Assets.xcassets */,
				39FD20332ABEA256008C6DF5 /* LaunchScreen.storyboard */,
				39FD20362ABEA256008C6DF5 /* Info.plist */,
			);
			path = "spotify-practice";
			sourceTree = "<group>";
		};
		39FD20422ABEAFDE008C6DF5 /* Presentation */ = {
			isa = PBXGroup;
			children = (
				39FD203E2ABEAF0E008C6DF5 /* UITabViewController.swift */,
				3949BFA42AC0476C00935882 /* Home */,
				3949BF902AC0318900935882 /* User */,
				39FD20572ABEB878008C6DF5 /* Welcome */,
			);
			path = Presentation;
			sourceTree = "<group>";
		};
		39FD20522ABEB805008C6DF5 /* Secrets */ = {
			isa = PBXGroup;
			children = (
				39FD20532ABEB80B008C6DF5 /* Keys.swift */,
			);
			path = Secrets;
			sourceTree = "<group>";
		};
		39FD20572ABEB878008C6DF5 /* Welcome */ = {
			isa = PBXGroup;
			children = (
				39FD20452ABEB013008C6DF5 /* WelcomeViewController.swift */,
				3949BF892AC026F200935882 /* Auth */,
			);
			path = Welcome;
			sourceTree = "<group>";
		};
		39FD205B2ABEBC8F008C6DF5 /* Previews */ = {
			isa = PBXGroup;
			children = (
				39FD205C2ABEBC9E008C6DF5 /* UIViewControllerPreview.swift */,
				39FD205E2ABEBCC3008C6DF5 /* UIViewPreview.swift */,
			);
			path = Previews;
			sourceTree = "<group>";
		};
		39FD20612ABEC9B5008C6DF5 /* Extension */ = {
			isa = PBXGroup;
			children = (
				39FD20622ABEC9C1008C6DF5 /* UIViewController+Extension.swift */,
				391BFA9E2ACAF5AC00565C31 /* String+Extension.swift */,
			);
			path = Extension;
			sourceTree = "<group>";
		};
		39FD20642ABED2F0008C6DF5 /* Utils */ = {
			isa = PBXGroup;
			children = (
				3949BF9D2AC03FB200935882 /* Protocols */,
				3949BF8A2AC0270100935882 /* REST */,
				3949BF932AC0374300935882 /* SuccessType.swift */,
				3949BF952AC037B600935882 /* UserDefaultsKeys.swift */,
			);
			path = Utils;
			sourceTree = "<group>";
		};
/* End PBXGroup section */

/* Begin PBXNativeTarget section */
		39FD20242ABEA255008C6DF5 /* spotify-practice */ = {
			isa = PBXNativeTarget;
			buildConfigurationList = 39FD20392ABEA256008C6DF5 /* Build configuration list for PBXNativeTarget "spotify-practice" */;
			buildPhases = (
				39FD20212ABEA255008C6DF5 /* Sources */,
				39FD20222ABEA255008C6DF5 /* Frameworks */,
				39FD20232ABEA255008C6DF5 /* Resources */,
			);
			buildRules = (
			);
			dependencies = (
			);
			name = "spotify-practice";
			packageProductDependencies = (
				39FD204D2ABEB0B1008C6DF5 /* SnapKit */,
				3949BFAA2AC063ED00935882 /* SDWebImage */,
				3949BFAD2AC0656400935882 /* FirebaseAnalytics */,
			);
			productName = "spotify-practice";
			productReference = 39FD20252ABEA255008C6DF5 /* spotify-practice.app */;
			productType = "com.apple.product-type.application";
		};
/* End PBXNativeTarget section */

/* Begin PBXProject section */
		39FD201D2ABEA255008C6DF5 /* Project object */ = {
			isa = PBXProject;
			attributes = {
				BuildIndependentTargetsInParallel = 1;
				LastSwiftUpdateCheck = 1500;
				LastUpgradeCheck = 1500;
				TargetAttributes = {
					39FD20242ABEA255008C6DF5 = {
						CreatedOnToolsVersion = 15.0;
					};
				};
			};
			buildConfigurationList = 39FD20202ABEA255008C6DF5 /* Build configuration list for PBXProject "spotify-practice" */;
			compatibilityVersion = "Xcode 14.0";
			developmentRegion = ko;
			hasScannedForEncodings = 0;
			knownRegions = (
				en,
				Base,
				ko,
			);
			mainGroup = 39FD201C2ABEA255008C6DF5;
			packageReferences = (
				39FD204C2ABEB0B1008C6DF5 /* XCRemoteSwiftPackageReference "SnapKit" */,
				3949BFA92AC063ED00935882 /* XCRemoteSwiftPackageReference "SDWebImage" */,
				3949BFAC2AC0656400935882 /* XCRemoteSwiftPackageReference "firebase-ios-sdk" */,
			);
			productRefGroup = 39FD20262ABEA255008C6DF5 /* Products */;
			projectDirPath = "";
			projectRoot = "";
			targets = (
				39FD20242ABEA255008C6DF5 /* spotify-practice */,
			);
		};
/* End PBXProject section */

/* Begin PBXResourcesBuildPhase section */
		39FD20232ABEA255008C6DF5 /* Resources */ = {
			isa = PBXResourcesBuildPhase;
			buildActionMask = 2147483647;
			files = (
				39FD20352ABEA256008C6DF5 /* LaunchScreen.storyboard in Resources */,
				39FD203D2ABEA288008C6DF5 /* .gitignore in Resources */,
				39FC86BA2ABEEA0B0087F956 /* README.md in Resources */,
				39FD20322ABEA256008C6DF5 /* Assets.xcassets in Resources */,
			);
			runOnlyForDeploymentPostprocessing = 0;
		};
/* End PBXResourcesBuildPhase section */

/* Begin PBXSourcesBuildPhase section */
		39FD20212ABEA255008C6DF5 /* Sources */ = {
			isa = PBXSourcesBuildPhase;
			buildActionMask = 2147483647;
			files = (
				39FD20662ABED2FD008C6DF5 /* NetworkService.swift in Sources */,
				390C5A3A2ACC09FD0087AFB6 /* PlaylisstHeaderViewModel.swift in Sources */,
				3949BF942AC0374300935882 /* SuccessType.swift in Sources */,
				390C5A342ACC02920087AFB6 /* PlaylistTracksResponse.swift in Sources */,
				39FC86B42ABEE9590087F956 /* NetworkError.swift in Sources */,
				3949BFA82AC0634F00935882 /* CellData.swift in Sources */,
				39FD203F2ABEAF0E008C6DF5 /* UITabViewController.swift in Sources */,
				39FD20542ABEB80B008C6DF5 /* Keys.swift in Sources */,
				39FC86B82ABEE9D50087F956 /* HTTPHeader.swift in Sources */,
				3949BF9A2AC0395D00935882 /* AccountViewModel.swift in Sources */,
				390C5A322ACBFEDF0087AFB6 /* TracksResponse.swift in Sources */,
				390C5A302ACBFD5D0087AFB6 /* PlaylistDetailResponse.swift in Sources */,
				39842F752ACAC230006008DC /* AlbumsResponse.swift in Sources */,
				39FD20292ABEA255008C6DF5 /* AppDelegate.swift in Sources */,
				3949BF9F2AC0426F00935882 /* SettingsViewController.swift in Sources */,
				391BFA912ACAEAD500565C31 /* NewReleaseCollectionViewCell.swift in Sources */,
				391BFA992ACAEC9B00565C31 /* NewReleaseCellViewModel.swift in Sources */,
				39842F812ACAC34E006008DC /* Playlist.swift in Sources */,
				390C5A2C2ACBF55A0087AFB6 /* BaseNavigationController.swift in Sources */,
				39842F852ACAC5BE006008DC /* RecommendedGenresResponse.swift in Sources */,
				39842F772ACAC23B006008DC /* Album.swift in Sources */,
				391BFA9F2ACAF5AC00565C31 /* String+Extension.swift in Sources */,
				39842F7F2ACAC344006008DC /* PlaylistResponse.swift in Sources */,
				39FC86B62ABEE9780087F956 /* HTTPMetheod.swift in Sources */,
				39FD205F2ABEBCC3008C6DF5 /* UIViewPreview.swift in Sources */,
				391BFA9D2ACAF4EA00565C31 /* RecommendedTrackViewModel.swift in Sources */,
				3949BFA32AC0472E00935882 /* HomeViewController.swift in Sources */,
				39FC86B22ABEE9300087F956 /* AuthReturnData.swift in Sources */,
				39FD20462ABEB013008C6DF5 /* WelcomeViewController.swift in Sources */,
				39FD205D2ABEBC9E008C6DF5 /* UIViewControllerPreview.swift in Sources */,
				39FD202B2ABEA255008C6DF5 /* SceneDelegate.swift in Sources */,
				390C5A382ACC07AB0087AFB6 /* PlaylistCollectionReuseableView.swift in Sources */,
				391BFA952ACAEB5500565C31 /* Reuseable.swift in Sources */,
				3949BF922AC0318E00935882 /* UserProfile.swift in Sources */,
				39FD20682ABED315008C6DF5 /* RestProtocol.swift in Sources */,
				39842F832ACAC356006008DC /* User.swift in Sources */,
				390C5A2E2ACBF82F0087AFB6 /* AlbumDetailResponse.swift in Sources */,
				3949BF982AC0383100935882 /* AccountViewController.swift in Sources */,
				39842F892ACAC9FF006008DC /* AudioTrack.swift in Sources */,
				390C5A362ACC02A10087AFB6 /* PlaylistItemResponse.swift in Sources */,
				3949BF8D2AC0277100935882 /* APICaller.swift in Sources */,
				3949BF962AC037B600935882 /* UserDefaultsKeys.swift in Sources */,
				39FD20562ABEB869008C6DF5 /* AuthViewController.swift in Sources */,
				39842F732ACAC226006008DC /* NewReleaseResponse.swift in Sources */,
				39FD20632ABEC9C1008C6DF5 /* UIViewController+Extension.swift in Sources */,
				3949BF8F2AC02D4500935882 /* CombineProtocol.swift in Sources */,
				391BFA932ACAEB4200565C31 /* FeaturedPlaylistCollectionViewCell.swift in Sources */,
				39842F872ACAC91E006008DC /* RecommendationsResponse.swift in Sources */,
				3949BFA62AC04F5B00935882 /* Section.swift in Sources */,
				39FD20412ABEAF36008C6DF5 /* AuthManager.swift in Sources */,
				39842F7B2ACAC25C006008DC /* APICallerError.swift in Sources */,
				39842F792ACAC249006008DC /* Artist.swift in Sources */,
				391BFA9B2ACAF4D900565C31 /* FeaturedPlaylistViewModel.swift in Sources */,
				39842F7D2ACAC279006008DC /* FeaturedPlaylistsResponse.swift in Sources */,
				390C5A292ACBF4A30087AFB6 /* PlaylistViewController.swift in Sources */,
				391BFA972ACAEB7A00565C31 /* RecommendedTrackCollectionViewCell.swift in Sources */,
				3949BF882AC0098200935882 /* AuthError.swift in Sources */,
				390C5A272ACBF40A0087AFB6 /* AlbumViewController.swift in Sources */,
			);
			runOnlyForDeploymentPostprocessing = 0;
		};
/* End PBXSourcesBuildPhase section */

/* Begin PBXVariantGroup section */
		39FD20332ABEA256008C6DF5 /* LaunchScreen.storyboard */ = {
			isa = PBXVariantGroup;
			children = (
				39FD20342ABEA256008C6DF5 /* Base */,
				39FD20602ABEBD2D008C6DF5 /* ko */,
			);
			name = LaunchScreen.storyboard;
			sourceTree = "<group>";
		};
/* End PBXVariantGroup section */

/* Begin XCBuildConfiguration section */
		39FD20372ABEA256008C6DF5 /* Debug */ = {
			isa = XCBuildConfiguration;
			buildSettings = {
				ALWAYS_SEARCH_USER_PATHS = NO;
				ASSETCATALOG_COMPILER_GENERATE_SWIFT_ASSET_SYMBOL_EXTENSIONS = YES;
				CLANG_ANALYZER_LOCALIZABILITY_NONLOCALIZED = YES;
				CLANG_ANALYZER_NONNULL = YES;
				CLANG_ANALYZER_NUMBER_OBJECT_CONVERSION = YES_AGGRESSIVE;
				CLANG_CXX_LANGUAGE_STANDARD = "gnu++20";
				CLANG_ENABLE_MODULES = YES;
				CLANG_ENABLE_OBJC_ARC = YES;
				CLANG_ENABLE_OBJC_WEAK = YES;
				CLANG_WARN_BLOCK_CAPTURE_AUTORELEASING = YES;
				CLANG_WARN_BOOL_CONVERSION = YES;
				CLANG_WARN_COMMA = YES;
				CLANG_WARN_CONSTANT_CONVERSION = YES;
				CLANG_WARN_DEPRECATED_OBJC_IMPLEMENTATIONS = YES;
				CLANG_WARN_DIRECT_OBJC_ISA_USAGE = YES_ERROR;
				CLANG_WARN_DOCUMENTATION_COMMENTS = YES;
				CLANG_WARN_EMPTY_BODY = YES;
				CLANG_WARN_ENUM_CONVERSION = YES;
				CLANG_WARN_INFINITE_RECURSION = YES;
				CLANG_WARN_INT_CONVERSION = YES;
				CLANG_WARN_NON_LITERAL_NULL_CONVERSION = YES;
				CLANG_WARN_OBJC_IMPLICIT_RETAIN_SELF = YES;
				CLANG_WARN_OBJC_LITERAL_CONVERSION = YES;
				CLANG_WARN_OBJC_ROOT_CLASS = YES_ERROR;
				CLANG_WARN_QUOTED_INCLUDE_IN_FRAMEWORK_HEADER = YES;
				CLANG_WARN_RANGE_LOOP_ANALYSIS = YES;
				CLANG_WARN_STRICT_PROTOTYPES = YES;
				CLANG_WARN_SUSPICIOUS_MOVE = YES;
				CLANG_WARN_UNGUARDED_AVAILABILITY = YES_AGGRESSIVE;
				CLANG_WARN_UNREACHABLE_CODE = YES;
				CLANG_WARN__DUPLICATE_METHOD_MATCH = YES;
				COPY_PHASE_STRIP = NO;
				DEBUG_INFORMATION_FORMAT = dwarf;
				ENABLE_STRICT_OBJC_MSGSEND = YES;
				ENABLE_TESTABILITY = YES;
				ENABLE_USER_SCRIPT_SANDBOXING = YES;
				GCC_C_LANGUAGE_STANDARD = gnu17;
				GCC_DYNAMIC_NO_PIC = NO;
				GCC_NO_COMMON_BLOCKS = YES;
				GCC_OPTIMIZATION_LEVEL = 0;
				GCC_PREPROCESSOR_DEFINITIONS = (
					"DEBUG=1",
					"$(inherited)",
				);
				GCC_WARN_64_TO_32_BIT_CONVERSION = YES;
				GCC_WARN_ABOUT_RETURN_TYPE = YES_ERROR;
				GCC_WARN_UNDECLARED_SELECTOR = YES;
				GCC_WARN_UNINITIALIZED_AUTOS = YES_AGGRESSIVE;
				GCC_WARN_UNUSED_FUNCTION = YES;
				GCC_WARN_UNUSED_VARIABLE = YES;
				IPHONEOS_DEPLOYMENT_TARGET = 14.0;
				LOCALIZATION_PREFERS_STRING_CATALOGS = YES;
				MTL_ENABLE_DEBUG_INFO = INCLUDE_SOURCE;
				MTL_FAST_MATH = YES;
				ONLY_ACTIVE_ARCH = YES;
				SDKROOT = iphoneos;
				SWIFT_ACTIVE_COMPILATION_CONDITIONS = "DEBUG $(inherited)";
				SWIFT_OPTIMIZATION_LEVEL = "-Onone";
			};
			name = Debug;
		};
		39FD20382ABEA256008C6DF5 /* Release */ = {
			isa = XCBuildConfiguration;
			buildSettings = {
				ALWAYS_SEARCH_USER_PATHS = NO;
				ASSETCATALOG_COMPILER_GENERATE_SWIFT_ASSET_SYMBOL_EXTENSIONS = YES;
				CLANG_ANALYZER_LOCALIZABILITY_NONLOCALIZED = YES;
				CLANG_ANALYZER_NONNULL = YES;
				CLANG_ANALYZER_NUMBER_OBJECT_CONVERSION = YES_AGGRESSIVE;
				CLANG_CXX_LANGUAGE_STANDARD = "gnu++20";
				CLANG_ENABLE_MODULES = YES;
				CLANG_ENABLE_OBJC_ARC = YES;
				CLANG_ENABLE_OBJC_WEAK = YES;
				CLANG_WARN_BLOCK_CAPTURE_AUTORELEASING = YES;
				CLANG_WARN_BOOL_CONVERSION = YES;
				CLANG_WARN_COMMA = YES;
				CLANG_WARN_CONSTANT_CONVERSION = YES;
				CLANG_WARN_DEPRECATED_OBJC_IMPLEMENTATIONS = YES;
				CLANG_WARN_DIRECT_OBJC_ISA_USAGE = YES_ERROR;
				CLANG_WARN_DOCUMENTATION_COMMENTS = YES;
				CLANG_WARN_EMPTY_BODY = YES;
				CLANG_WARN_ENUM_CONVERSION = YES;
				CLANG_WARN_INFINITE_RECURSION = YES;
				CLANG_WARN_INT_CONVERSION = YES;
				CLANG_WARN_NON_LITERAL_NULL_CONVERSION = YES;
				CLANG_WARN_OBJC_IMPLICIT_RETAIN_SELF = YES;
				CLANG_WARN_OBJC_LITERAL_CONVERSION = YES;
				CLANG_WARN_OBJC_ROOT_CLASS = YES_ERROR;
				CLANG_WARN_QUOTED_INCLUDE_IN_FRAMEWORK_HEADER = YES;
				CLANG_WARN_RANGE_LOOP_ANALYSIS = YES;
				CLANG_WARN_STRICT_PROTOTYPES = YES;
				CLANG_WARN_SUSPICIOUS_MOVE = YES;
				CLANG_WARN_UNGUARDED_AVAILABILITY = YES_AGGRESSIVE;
				CLANG_WARN_UNREACHABLE_CODE = YES;
				CLANG_WARN__DUPLICATE_METHOD_MATCH = YES;
				COPY_PHASE_STRIP = NO;
				DEBUG_INFORMATION_FORMAT = "dwarf-with-dsym";
				ENABLE_NS_ASSERTIONS = NO;
				ENABLE_STRICT_OBJC_MSGSEND = YES;
				ENABLE_USER_SCRIPT_SANDBOXING = YES;
				GCC_C_LANGUAGE_STANDARD = gnu17;
				GCC_NO_COMMON_BLOCKS = YES;
				GCC_WARN_64_TO_32_BIT_CONVERSION = YES;
				GCC_WARN_ABOUT_RETURN_TYPE = YES_ERROR;
				GCC_WARN_UNDECLARED_SELECTOR = YES;
				GCC_WARN_UNINITIALIZED_AUTOS = YES_AGGRESSIVE;
				GCC_WARN_UNUSED_FUNCTION = YES;
				GCC_WARN_UNUSED_VARIABLE = YES;
				IPHONEOS_DEPLOYMENT_TARGET = 14.0;
				LOCALIZATION_PREFERS_STRING_CATALOGS = YES;
				MTL_ENABLE_DEBUG_INFO = NO;
				MTL_FAST_MATH = YES;
				SDKROOT = iphoneos;
				SWIFT_COMPILATION_MODE = wholemodule;
				VALIDATE_PRODUCT = YES;
			};
			name = Release;
		};
		39FD203A2ABEA256008C6DF5 /* Debug */ = {
			isa = XCBuildConfiguration;
			buildSettings = {
				ASSETCATALOG_COMPILER_APPICON_NAME = AppIcon;
				ASSETCATALOG_COMPILER_GLOBAL_ACCENT_COLOR_NAME = AccentColor;
				CODE_SIGN_STYLE = Automatic;
				CURRENT_PROJECT_VERSION = 1;
				DEVELOPMENT_TEAM = ZH5GA3W8UP;
				GENERATE_INFOPLIST_FILE = YES;
				INFOPLIST_FILE = "spotify-practice/Info.plist";
				INFOPLIST_KEY_CFBundleDisplayName = Hipotify;
				INFOPLIST_KEY_LSApplicationCategoryType = "public.app-category.music";
				INFOPLIST_KEY_UIApplicationSupportsIndirectInputEvents = YES;
				INFOPLIST_KEY_UILaunchStoryboardName = LaunchScreen;
				INFOPLIST_KEY_UISupportedInterfaceOrientations_iPad = "UIInterfaceOrientationPortrait UIInterfaceOrientationPortraitUpsideDown UIInterfaceOrientationLandscapeLeft UIInterfaceOrientationLandscapeRight";
				INFOPLIST_KEY_UISupportedInterfaceOrientations_iPhone = "UIInterfaceOrientationPortrait UIInterfaceOrientationLandscapeLeft UIInterfaceOrientationLandscapeRight";
				INFOPLIST_KEY_UIUserInterfaceStyle = Dark;
				IPHONEOS_DEPLOYMENT_TARGET = 14.0;
				LD_RUNPATH_SEARCH_PATHS = (
					"$(inherited)",
					"@executable_path/Frameworks",
				);
				MARKETING_VERSION = 1.0;
				PRODUCT_BUNDLE_IDENTIFIER = "dev.heon.spotify-practice";
				PRODUCT_NAME = "$(TARGET_NAME)";
				SWIFT_EMIT_LOC_STRINGS = YES;
				SWIFT_VERSION = 5.0;
				TARGETED_DEVICE_FAMILY = "1,2";
			};
			name = Debug;
		};
		39FD203B2ABEA256008C6DF5 /* Release */ = {
			isa = XCBuildConfiguration;
			buildSettings = {
				ASSETCATALOG_COMPILER_APPICON_NAME = AppIcon;
				ASSETCATALOG_COMPILER_GLOBAL_ACCENT_COLOR_NAME = AccentColor;
				CODE_SIGN_STYLE = Automatic;
				CURRENT_PROJECT_VERSION = 1;
				DEVELOPMENT_TEAM = ZH5GA3W8UP;
				GENERATE_INFOPLIST_FILE = YES;
				INFOPLIST_FILE = "spotify-practice/Info.plist";
				INFOPLIST_KEY_CFBundleDisplayName = Hipotify;
				INFOPLIST_KEY_LSApplicationCategoryType = "public.app-category.music";
				INFOPLIST_KEY_UIApplicationSupportsIndirectInputEvents = YES;
				INFOPLIST_KEY_UILaunchStoryboardName = LaunchScreen;
				INFOPLIST_KEY_UISupportedInterfaceOrientations_iPad = "UIInterfaceOrientationPortrait UIInterfaceOrientationPortraitUpsideDown UIInterfaceOrientationLandscapeLeft UIInterfaceOrientationLandscapeRight";
				INFOPLIST_KEY_UISupportedInterfaceOrientations_iPhone = "UIInterfaceOrientationPortrait UIInterfaceOrientationLandscapeLeft UIInterfaceOrientationLandscapeRight";
				INFOPLIST_KEY_UIUserInterfaceStyle = Dark;
				IPHONEOS_DEPLOYMENT_TARGET = 14.0;
				LD_RUNPATH_SEARCH_PATHS = (
					"$(inherited)",
					"@executable_path/Frameworks",
				);
				MARKETING_VERSION = 1.0;
				PRODUCT_BUNDLE_IDENTIFIER = "dev.heon.spotify-practice";
				PRODUCT_NAME = "$(TARGET_NAME)";
				SWIFT_EMIT_LOC_STRINGS = YES;
				SWIFT_VERSION = 5.0;
				TARGETED_DEVICE_FAMILY = "1,2";
			};
			name = Release;
		};
/* End XCBuildConfiguration section */

/* Begin XCConfigurationList section */
		39FD20202ABEA255008C6DF5 /* Build configuration list for PBXProject "spotify-practice" */ = {
			isa = XCConfigurationList;
			buildConfigurations = (
				39FD20372ABEA256008C6DF5 /* Debug */,
				39FD20382ABEA256008C6DF5 /* Release */,
			);
			defaultConfigurationIsVisible = 0;
			defaultConfigurationName = Release;
		};
		39FD20392ABEA256008C6DF5 /* Build configuration list for PBXNativeTarget "spotify-practice" */ = {
			isa = XCConfigurationList;
			buildConfigurations = (
				39FD203A2ABEA256008C6DF5 /* Debug */,
				39FD203B2ABEA256008C6DF5 /* Release */,
			);
			defaultConfigurationIsVisible = 0;
			defaultConfigurationName = Release;
		};
/* End XCConfigurationList section */

/* Begin XCRemoteSwiftPackageReference section */
		3949BFA92AC063ED00935882 /* XCRemoteSwiftPackageReference "SDWebImage" */ = {
			isa = XCRemoteSwiftPackageReference;
			repositoryURL = "git@github.com:SDWebImage/SDWebImage.git";
			requirement = {
				kind = upToNextMinorVersion;
				minimumVersion = 5.18.2;
			};
		};
		3949BFAC2AC0656400935882 /* XCRemoteSwiftPackageReference "firebase-ios-sdk" */ = {
			isa = XCRemoteSwiftPackageReference;
			repositoryURL = "https://github.com/firebase/firebase-ios-sdk";
			requirement = {
				kind = upToNextMajorVersion;
				minimumVersion = 10.15.0;
			};
		};
		39FD204C2ABEB0B1008C6DF5 /* XCRemoteSwiftPackageReference "SnapKit" */ = {
			isa = XCRemoteSwiftPackageReference;
			repositoryURL = "git@github.com:SnapKit/SnapKit.git";
			requirement = {
				kind = upToNextMinorVersion;
				minimumVersion = 5.6.0;
			};
		};
/* End XCRemoteSwiftPackageReference section */

/* Begin XCSwiftPackageProductDependency section */
		3949BFAA2AC063ED00935882 /* SDWebImage */ = {
			isa = XCSwiftPackageProductDependency;
			package = 3949BFA92AC063ED00935882 /* XCRemoteSwiftPackageReference "SDWebImage" */;
			productName = SDWebImage;
		};
		3949BFAD2AC0656400935882 /* FirebaseAnalytics */ = {
			isa = XCSwiftPackageProductDependency;
			package = 3949BFAC2AC0656400935882 /* XCRemoteSwiftPackageReference "firebase-ios-sdk" */;
			productName = FirebaseAnalytics;
		};
		39FD204D2ABEB0B1008C6DF5 /* SnapKit */ = {
			isa = XCSwiftPackageProductDependency;
			package = 39FD204C2ABEB0B1008C6DF5 /* XCRemoteSwiftPackageReference "SnapKit" */;
			productName = SnapKit;
		};
/* End XCSwiftPackageProductDependency section */
	};
	rootObject = 39FD201D2ABEA255008C6DF5 /* Project object */;
}
