// !$*UTF8*$!
{
	archiveVersion = 1;
	classes = {
	};
	objectVersion = 56;
	objects = {

/* Begin PBXBuildFile section */
		3949BF882AC0098200935882 /* AuthError.swift in Sources */ = {isa = PBXBuildFile; fileRef = 3949BF872AC0098200935882 /* AuthError.swift */; };
		3949BF8D2AC0277100935882 /* APICaller.swift in Sources */ = {isa = PBXBuildFile; fileRef = 3949BF8C2AC0277100935882 /* APICaller.swift */; };
		3949BF8F2AC02D4500935882 /* CombineProtocol.swift in Sources */ = {isa = PBXBuildFile; fileRef = 3949BF8E2AC02D4500935882 /* CombineProtocol.swift */; };
		3949BF922AC0318E00935882 /* UserProfile.swift in Sources */ = {isa = PBXBuildFile; fileRef = 3949BF912AC0318E00935882 /* UserProfile.swift */; };
		3949BF942AC0374300935882 /* SuccessType.swift in Sources */ = {isa = PBXBuildFile; fileRef = 3949BF932AC0374300935882 /* SuccessType.swift */; };
		3949BF962AC037B600935882 /* UserDefaultsKeys.swift in Sources */ = {isa = PBXBuildFile; fileRef = 3949BF952AC037B600935882 /* UserDefaultsKeys.swift */; };
		3949BF982AC0383100935882 /* ProfileViewController.swift in Sources */ = {isa = PBXBuildFile; fileRef = 3949BF972AC0383100935882 /* ProfileViewController.swift */; };
		3949BF9A2AC0395D00935882 /* ProfileViewModel.swift in Sources */ = {isa = PBXBuildFile; fileRef = 3949BF992AC0395D00935882 /* ProfileViewModel.swift */; };
		39FC86B22ABEE9300087F956 /* AuthReturnData.swift in Sources */ = {isa = PBXBuildFile; fileRef = 39FC86B12ABEE9300087F956 /* AuthReturnData.swift */; };
		39FC86B42ABEE9590087F956 /* NetworkError.swift in Sources */ = {isa = PBXBuildFile; fileRef = 39FC86B32ABEE9590087F956 /* NetworkError.swift */; };
		39FC86B62ABEE9780087F956 /* HTTPMetheod.swift in Sources */ = {isa = PBXBuildFile; fileRef = 39FC86B52ABEE9780087F956 /* HTTPMetheod.swift */; };
		39FC86B82ABEE9D50087F956 /* HTTPHeader.swift in Sources */ = {isa = PBXBuildFile; fileRef = 39FC86B72ABEE9D50087F956 /* HTTPHeader.swift */; };
		39FC86BA2ABEEA0B0087F956 /* README.md in Resources */ = {isa = PBXBuildFile; fileRef = 39FC86B92ABEEA0B0087F956 /* README.md */; };
		39FD20292ABEA255008C6DF5 /* AppDelegate.swift in Sources */ = {isa = PBXBuildFile; fileRef = 39FD20282ABEA255008C6DF5 /* AppDelegate.swift */; };
		39FD202B2ABEA255008C6DF5 /* SceneDelegate.swift in Sources */ = {isa = PBXBuildFile; fileRef = 39FD202A2ABEA255008C6DF5 /* SceneDelegate.swift */; };
		39FD20322ABEA256008C6DF5 /* Assets.xcassets in Resources */ = {isa = PBXBuildFile; fileRef = 39FD20312ABEA256008C6DF5 /* Assets.xcassets */; };
		39FD20352ABEA256008C6DF5 /* LaunchScreen.storyboard in Resources */ = {isa = PBXBuildFile; fileRef = 39FD20332ABEA256008C6DF5 /* LaunchScreen.storyboard */; };
		39FD203D2ABEA288008C6DF5 /* .gitignore in Resources */ = {isa = PBXBuildFile; fileRef = 39FD203C2ABEA288008C6DF5 /* .gitignore */; };
		39FD203F2ABEAF0E008C6DF5 /* UITabViewController.swift in Sources */ = {isa = PBXBuildFile; fileRef = 39FD203E2ABEAF0E008C6DF5 /* UITabViewController.swift */; };
		39FD20412ABEAF36008C6DF5 /* AuthManager.swift in Sources */ = {isa = PBXBuildFile; fileRef = 39FD20402ABEAF36008C6DF5 /* AuthManager.swift */; };
		39FD20462ABEB013008C6DF5 /* WelcomeViewController.swift in Sources */ = {isa = PBXBuildFile; fileRef = 39FD20452ABEB013008C6DF5 /* WelcomeViewController.swift */; };
		39FD204E2ABEB0B1008C6DF5 /* SnapKit in Frameworks */ = {isa = PBXBuildFile; productRef = 39FD204D2ABEB0B1008C6DF5 /* SnapKit */; };
		39FD20542ABEB80B008C6DF5 /* Keys.swift in Sources */ = {isa = PBXBuildFile; fileRef = 39FD20532ABEB80B008C6DF5 /* Keys.swift */; };
		39FD20562ABEB869008C6DF5 /* AuthViewController.swift in Sources */ = {isa = PBXBuildFile; fileRef = 39FD20552ABEB869008C6DF5 /* AuthViewController.swift */; };
		39FD205D2ABEBC9E008C6DF5 /* UIViewControllerPreview.swift in Sources */ = {isa = PBXBuildFile; fileRef = 39FD205C2ABEBC9E008C6DF5 /* UIViewControllerPreview.swift */; };
		39FD205F2ABEBCC3008C6DF5 /* UIViewPreview.swift in Sources */ = {isa = PBXBuildFile; fileRef = 39FD205E2ABEBCC3008C6DF5 /* UIViewPreview.swift */; };
		39FD20632ABEC9C1008C6DF5 /* UIViewController+Extension.swift in Sources */ = {isa = PBXBuildFile; fileRef = 39FD20622ABEC9C1008C6DF5 /* UIViewController+Extension.swift */; };
		39FD20662ABED2FD008C6DF5 /* NetworkService.swift in Sources */ = {isa = PBXBuildFile; fileRef = 39FD20652ABED2FD008C6DF5 /* NetworkService.swift */; };
		39FD20682ABED315008C6DF5 /* RestProtocol.swift in Sources */ = {isa = PBXBuildFile; fileRef = 39FD20672ABED315008C6DF5 /* RestProtocol.swift */; };
/* End PBXBuildFile section */

/* Begin PBXFileReference section */
		3949BF872AC0098200935882 /* AuthError.swift */ = {isa = PBXFileReference; lastKnownFileType = sourcecode.swift; path = AuthError.swift; sourceTree = "<group>"; };
		3949BF8C2AC0277100935882 /* APICaller.swift */ = {isa = PBXFileReference; lastKnownFileType = sourcecode.swift; path = APICaller.swift; sourceTree = "<group>"; };
		3949BF8E2AC02D4500935882 /* CombineProtocol.swift */ = {isa = PBXFileReference; lastKnownFileType = sourcecode.swift; path = CombineProtocol.swift; sourceTree = "<group>"; };
		3949BF912AC0318E00935882 /* UserProfile.swift */ = {isa = PBXFileReference; lastKnownFileType = sourcecode.swift; path = UserProfile.swift; sourceTree = "<group>"; };
		3949BF932AC0374300935882 /* SuccessType.swift */ = {isa = PBXFileReference; lastKnownFileType = sourcecode.swift; path = SuccessType.swift; sourceTree = "<group>"; };
		3949BF952AC037B600935882 /* UserDefaultsKeys.swift */ = {isa = PBXFileReference; lastKnownFileType = sourcecode.swift; path = UserDefaultsKeys.swift; sourceTree = "<group>"; };
		3949BF972AC0383100935882 /* ProfileViewController.swift */ = {isa = PBXFileReference; lastKnownFileType = sourcecode.swift; path = ProfileViewController.swift; sourceTree = "<group>"; };
		3949BF992AC0395D00935882 /* ProfileViewModel.swift */ = {isa = PBXFileReference; lastKnownFileType = sourcecode.swift; path = ProfileViewModel.swift; sourceTree = "<group>"; };
		39FC86B12ABEE9300087F956 /* AuthReturnData.swift */ = {isa = PBXFileReference; lastKnownFileType = sourcecode.swift; path = AuthReturnData.swift; sourceTree = "<group>"; };
		39FC86B32ABEE9590087F956 /* NetworkError.swift */ = {isa = PBXFileReference; lastKnownFileType = sourcecode.swift; path = NetworkError.swift; sourceTree = "<group>"; };
		39FC86B52ABEE9780087F956 /* HTTPMetheod.swift */ = {isa = PBXFileReference; lastKnownFileType = sourcecode.swift; path = HTTPMetheod.swift; sourceTree = "<group>"; };
		39FC86B72ABEE9D50087F956 /* HTTPHeader.swift */ = {isa = PBXFileReference; lastKnownFileType = sourcecode.swift; path = HTTPHeader.swift; sourceTree = "<group>"; };
		39FC86B92ABEEA0B0087F956 /* README.md */ = {isa = PBXFileReference; lastKnownFileType = net.daringfireball.markdown; path = README.md; sourceTree = "<group>"; };
		39FD20252ABEA255008C6DF5 /* spotify-practice.app */ = {isa = PBXFileReference; explicitFileType = wrapper.application; includeInIndex = 0; path = "spotify-practice.app"; sourceTree = BUILT_PRODUCTS_DIR; };
		39FD20282ABEA255008C6DF5 /* AppDelegate.swift */ = {isa = PBXFileReference; lastKnownFileType = sourcecode.swift; path = AppDelegate.swift; sourceTree = "<group>"; };
		39FD202A2ABEA255008C6DF5 /* SceneDelegate.swift */ = {isa = PBXFileReference; lastKnownFileType = sourcecode.swift; path = SceneDelegate.swift; sourceTree = "<group>"; };
		39FD20312ABEA256008C6DF5 /* Assets.xcassets */ = {isa = PBXFileReference; lastKnownFileType = folder.assetcatalog; path = Assets.xcassets; sourceTree = "<group>"; };
		39FD20342ABEA256008C6DF5 /* Base */ = {isa = PBXFileReference; lastKnownFileType = file.storyboard; name = Base; path = Base.lproj/LaunchScreen.storyboard; sourceTree = "<group>"; };
		39FD20362ABEA256008C6DF5 /* Info.plist */ = {isa = PBXFileReference; lastKnownFileType = text.plist.xml; path = Info.plist; sourceTree = "<group>"; };
		39FD203C2ABEA288008C6DF5 /* .gitignore */ = {isa = PBXFileReference; lastKnownFileType = text; path = .gitignore; sourceTree = "<group>"; };
		39FD203E2ABEAF0E008C6DF5 /* UITabViewController.swift */ = {isa = PBXFileReference; lastKnownFileType = sourcecode.swift; path = UITabViewController.swift; sourceTree = "<group>"; };
		39FD20402ABEAF36008C6DF5 /* AuthManager.swift */ = {isa = PBXFileReference; lastKnownFileType = sourcecode.swift; path = AuthManager.swift; sourceTree = "<group>"; };
		39FD20452ABEB013008C6DF5 /* WelcomeViewController.swift */ = {isa = PBXFileReference; lastKnownFileType = sourcecode.swift; path = WelcomeViewController.swift; sourceTree = "<group>"; };
		39FD20532ABEB80B008C6DF5 /* Keys.swift */ = {isa = PBXFileReference; lastKnownFileType = sourcecode.swift; path = Keys.swift; sourceTree = "<group>"; };
		39FD20552ABEB869008C6DF5 /* AuthViewController.swift */ = {isa = PBXFileReference; lastKnownFileType = sourcecode.swift; path = AuthViewController.swift; sourceTree = "<group>"; };
		39FD205C2ABEBC9E008C6DF5 /* UIViewControllerPreview.swift */ = {isa = PBXFileReference; lastKnownFileType = sourcecode.swift; path = UIViewControllerPreview.swift; sourceTree = "<group>"; };
		39FD205E2ABEBCC3008C6DF5 /* UIViewPreview.swift */ = {isa = PBXFileReference; lastKnownFileType = sourcecode.swift; path = UIViewPreview.swift; sourceTree = "<group>"; };
		39FD20602ABEBD2D008C6DF5 /* ko */ = {isa = PBXFileReference; lastKnownFileType = text.plist.strings; name = ko; path = ko.lproj/LaunchScreen.strings; sourceTree = "<group>"; };
		39FD20622ABEC9C1008C6DF5 /* UIViewController+Extension.swift */ = {isa = PBXFileReference; lastKnownFileType = sourcecode.swift; path = "UIViewController+Extension.swift"; sourceTree = "<group>"; };
		39FD20652ABED2FD008C6DF5 /* NetworkService.swift */ = {isa = PBXFileReference; lastKnownFileType = sourcecode.swift; path = NetworkService.swift; sourceTree = "<group>"; };
		39FD20672ABED315008C6DF5 /* RestProtocol.swift */ = {isa = PBXFileReference; lastKnownFileType = sourcecode.swift; path = RestProtocol.swift; sourceTree = "<group>"; };
/* End PBXFileReference section */

/* Begin PBXFrameworksBuildPhase section */
		39FD20222ABEA255008C6DF5 /* Frameworks */ = {
			isa = PBXFrameworksBuildPhase;
			buildActionMask = 2147483647;
			files = (
				39FD204E2ABEB0B1008C6DF5 /* SnapKit in Frameworks */,
			);
			runOnlyForDeploymentPostprocessing = 0;
		};
/* End PBXFrameworksBuildPhase section */

/* Begin PBXGroup section */
		3949BF892AC026F200935882 /* Auth */ = {
			isa = PBXGroup;
			children = (
				39FD20552ABEB869008C6DF5 /* AuthViewController.swift */,
				3949BF872AC0098200935882 /* AuthError.swift */,
				39FC86B12ABEE9300087F956 /* AuthReturnData.swift */,
			);
			path = Auth;
			sourceTree = "<group>";
		};
		3949BF8A2AC0270100935882 /* REST */ = {
			isa = PBXGroup;
			children = (
				39FD20652ABED2FD008C6DF5 /* NetworkService.swift */,
				39FD20672ABED315008C6DF5 /* RestProtocol.swift */,
				39FC86B32ABEE9590087F956 /* NetworkError.swift */,
				39FC86B52ABEE9780087F956 /* HTTPMetheod.swift */,
				39FC86B72ABEE9D50087F956 /* HTTPHeader.swift */,
			);
			path = REST;
			sourceTree = "<group>";
		};
		3949BF902AC0318900935882 /* User */ = {
			isa = PBXGroup;
			children = (
				3949BF912AC0318E00935882 /* UserProfile.swift */,
			);
			path = User;
			sourceTree = "<group>";
		};
		39FD201C2ABEA255008C6DF5 = {
			isa = PBXGroup;
			children = (
				39FC86B92ABEEA0B0087F956 /* README.md */,
				39FD203C2ABEA288008C6DF5 /* .gitignore */,
				39FD20272ABEA255008C6DF5 /* spotify-practice */,
				39FD20262ABEA255008C6DF5 /* Products */,
			);
			sourceTree = "<group>";
		};
		39FD20262ABEA255008C6DF5 /* Products */ = {
			isa = PBXGroup;
			children = (
				39FD20252ABEA255008C6DF5 /* spotify-practice.app */,
			);
			name = Products;
			sourceTree = "<group>";
		};
		39FD20272ABEA255008C6DF5 /* spotify-practice */ = {
			isa = PBXGroup;
			children = (
				39FD20282ABEA255008C6DF5 /* AppDelegate.swift */,
				39FD202A2ABEA255008C6DF5 /* SceneDelegate.swift */,
				39FD20422ABEAFDE008C6DF5 /* Presentation */,
				39FD20642ABED2F0008C6DF5 /* Utils */,
				39FD20612ABEC9B5008C6DF5 /* Extension */,
				39FD205B2ABEBC8F008C6DF5 /* Previews */,
				39FD20522ABEB805008C6DF5 /* Secrets */,
				39FD20312ABEA256008C6DF5 /* Assets.xcassets */,
				39FD20332ABEA256008C6DF5 /* LaunchScreen.storyboard */,
				39FD20362ABEA256008C6DF5 /* Info.plist */,
			);
			path = "spotify-practice";
			sourceTree = "<group>";
		};
		39FD20422ABEAFDE008C6DF5 /* Presentation */ = {
			isa = PBXGroup;
			children = (
				39FD203E2ABEAF0E008C6DF5 /* UITabViewController.swift */,
				3949BF972AC0383100935882 /* ProfileViewController.swift */,
				3949BF992AC0395D00935882 /* ProfileViewModel.swift */,
				3949BF902AC0318900935882 /* User */,
				39FD20572ABEB878008C6DF5 /* Welcome */,
			);
			path = Presentation;
			sourceTree = "<group>";
		};
		39FD20522ABEB805008C6DF5 /* Secrets */ = {
			isa = PBXGroup;
			children = (
				39FD20532ABEB80B008C6DF5 /* Keys.swift */,
			);
			path = Secrets;
			sourceTree = "<group>";
		};
		39FD20572ABEB878008C6DF5 /* Welcome */ = {
			isa = PBXGroup;
			children = (
				39FD20452ABEB013008C6DF5 /* WelcomeViewController.swift */,
				3949BF892AC026F200935882 /* Auth */,
			);
			path = Welcome;
			sourceTree = "<group>";
		};
		39FD205B2ABEBC8F008C6DF5 /* Previews */ = {
			isa = PBXGroup;
			children = (
				39FD205C2ABEBC9E008C6DF5 /* UIViewControllerPreview.swift */,
				39FD205E2ABEBCC3008C6DF5 /* UIViewPreview.swift */,
			);
			path = Previews;
			sourceTree = "<group>";
		};
		39FD20612ABEC9B5008C6DF5 /* Extension */ = {
			isa = PBXGroup;
			children = (
				39FD20622ABEC9C1008C6DF5 /* UIViewController+Extension.swift */,
			);
			path = Extension;
			sourceTree = "<group>";
		};
		39FD20642ABED2F0008C6DF5 /* Utils */ = {
			isa = PBXGroup;
			children = (
				39FD20402ABEAF36008C6DF5 /* AuthManager.swift */,
				3949BF8C2AC0277100935882 /* APICaller.swift */,
				3949BF8A2AC0270100935882 /* REST */,
				3949BF8E2AC02D4500935882 /* CombineProtocol.swift */,
				3949BF932AC0374300935882 /* SuccessType.swift */,
				3949BF952AC037B600935882 /* UserDefaultsKeys.swift */,
			);
			path = Utils;
			sourceTree = "<group>";
		};
/* End PBXGroup section */

/* Begin PBXNativeTarget section */
		39FD20242ABEA255008C6DF5 /* spotify-practice */ = {
			isa = PBXNativeTarget;
			buildConfigurationList = 39FD20392ABEA256008C6DF5 /* Build configuration list for PBXNativeTarget "spotify-practice" */;
			buildPhases = (
				39FD20212ABEA255008C6DF5 /* Sources */,
				39FD20222ABEA255008C6DF5 /* Frameworks */,
				39FD20232ABEA255008C6DF5 /* Resources */,
			);
			buildRules = (
			);
			dependencies = (
			);
			name = "spotify-practice";
			packageProductDependencies = (
				39FD204D2ABEB0B1008C6DF5 /* SnapKit */,
			);
			productName = "spotify-practice";
			productReference = 39FD20252ABEA255008C6DF5 /* spotify-practice.app */;
			productType = "com.apple.product-type.application";
		};
/* End PBXNativeTarget section */

/* Begin PBXProject section */
		39FD201D2ABEA255008C6DF5 /* Project object */ = {
			isa = PBXProject;
			attributes = {
				BuildIndependentTargetsInParallel = 1;
				LastSwiftUpdateCheck = 1500;
				LastUpgradeCheck = 1500;
				TargetAttributes = {
					39FD20242ABEA255008C6DF5 = {
						CreatedOnToolsVersion = 15.0;
					};
				};
			};
			buildConfigurationList = 39FD20202ABEA255008C6DF5 /* Build configuration list for PBXProject "spotify-practice" */;
			compatibilityVersion = "Xcode 14.0";
			developmentRegion = ko;
			hasScannedForEncodings = 0;
			knownRegions = (
				en,
				Base,
				ko,
			);
			mainGroup = 39FD201C2ABEA255008C6DF5;
			packageReferences = (
				39FD204C2ABEB0B1008C6DF5 /* XCRemoteSwiftPackageReference "SnapKit" */,
			);
			productRefGroup = 39FD20262ABEA255008C6DF5 /* Products */;
			projectDirPath = "";
			projectRoot = "";
			targets = (
				39FD20242ABEA255008C6DF5 /* spotify-practice */,
			);
		};
/* End PBXProject section */

/* Begin PBXResourcesBuildPhase section */
		39FD20232ABEA255008C6DF5 /* Resources */ = {
			isa = PBXResourcesBuildPhase;
			buildActionMask = 2147483647;
			files = (
				39FD20352ABEA256008C6DF5 /* LaunchScreen.storyboard in Resources */,
				39FD203D2ABEA288008C6DF5 /* .gitignore in Resources */,
				39FC86BA2ABEEA0B0087F956 /* README.md in Resources */,
				39FD20322ABEA256008C6DF5 /* Assets.xcassets in Resources */,
			);
			runOnlyForDeploymentPostprocessing = 0;
		};
/* End PBXResourcesBuildPhase section */

/* Begin PBXSourcesBuildPhase section */
		39FD20212ABEA255008C6DF5 /* Sources */ = {
			isa = PBXSourcesBuildPhase;
			buildActionMask = 2147483647;
			files = (
				39FD20662ABED2FD008C6DF5 /* NetworkService.swift in Sources */,
				3949BF942AC0374300935882 /* SuccessType.swift in Sources */,
				39FC86B42ABEE9590087F956 /* NetworkError.swift in Sources */,
				39FD203F2ABEAF0E008C6DF5 /* UITabViewController.swift in Sources */,
				39FD20542ABEB80B008C6DF5 /* Keys.swift in Sources */,
				39FC86B82ABEE9D50087F956 /* HTTPHeader.swift in Sources */,
				3949BF9A2AC0395D00935882 /* ProfileViewModel.swift in Sources */,
				39FD20292ABEA255008C6DF5 /* AppDelegate.swift in Sources */,
				39FC86B62ABEE9780087F956 /* HTTPMetheod.swift in Sources */,
				39FD205F2ABEBCC3008C6DF5 /* UIViewPreview.swift in Sources */,
				39FC86B22ABEE9300087F956 /* AuthReturnData.swift in Sources */,
				39FD20462ABEB013008C6DF5 /* WelcomeViewController.swift in Sources */,
				39FD205D2ABEBC9E008C6DF5 /* UIViewControllerPreview.swift in Sources */,
				39FD202B2ABEA255008C6DF5 /* SceneDelegate.swift in Sources */,
				3949BF922AC0318E00935882 /* UserProfile.swift in Sources */,
				39FD20682ABED315008C6DF5 /* RestProtocol.swift in Sources */,
				3949BF982AC0383100935882 /* ProfileViewController.swift in Sources */,
				3949BF8D2AC0277100935882 /* APICaller.swift in Sources */,
				3949BF962AC037B600935882 /* UserDefaultsKeys.swift in Sources */,
				39FD20562ABEB869008C6DF5 /* AuthViewController.swift in Sources */,
				39FD20632ABEC9C1008C6DF5 /* UIViewController+Extension.swift in Sources */,
				3949BF8F2AC02D4500935882 /* CombineProtocol.swift in Sources */,
				39FD20412ABEAF36008C6DF5 /* AuthManager.swift in Sources */,
				3949BF882AC0098200935882 /* AuthError.swift in Sources */,
			);
			runOnlyForDeploymentPostprocessing = 0;
		};
/* End PBXSourcesBuildPhase section */

/* Begin PBXVariantGroup section */
		39FD20332ABEA256008C6DF5 /* LaunchScreen.storyboard */ = {
			isa = PBXVariantGroup;
			children = (
				39FD20342ABEA256008C6DF5 /* Base */,
				39FD20602ABEBD2D008C6DF5 /* ko */,
			);
			name = LaunchScreen.storyboard;
			sourceTree = "<group>";
		};
/* End PBXVariantGroup section */

/* Begin XCBuildConfiguration section */
		39FD20372ABEA256008C6DF5 /* Debug */ = {
			isa = XCBuildConfiguration;
			buildSettings = {
				ALWAYS_SEARCH_USER_PATHS = NO;
				ASSETCATALOG_COMPILER_GENERATE_SWIFT_ASSET_SYMBOL_EXTENSIONS = YES;
				CLANG_ANALYZER_LOCALIZABILITY_NONLOCALIZED = YES;
				CLANG_ANALYZER_NONNULL = YES;
				CLANG_ANALYZER_NUMBER_OBJECT_CONVERSION = YES_AGGRESSIVE;
				CLANG_CXX_LANGUAGE_STANDARD = "gnu++20";
				CLANG_ENABLE_MODULES = YES;
				CLANG_ENABLE_OBJC_ARC = YES;
				CLANG_ENABLE_OBJC_WEAK = YES;
				CLANG_WARN_BLOCK_CAPTURE_AUTORELEASING = YES;
				CLANG_WARN_BOOL_CONVERSION = YES;
				CLANG_WARN_COMMA = YES;
				CLANG_WARN_CONSTANT_CONVERSION = YES;
				CLANG_WARN_DEPRECATED_OBJC_IMPLEMENTATIONS = YES;
				CLANG_WARN_DIRECT_OBJC_ISA_USAGE = YES_ERROR;
				CLANG_WARN_DOCUMENTATION_COMMENTS = YES;
				CLANG_WARN_EMPTY_BODY = YES;
				CLANG_WARN_ENUM_CONVERSION = YES;
				CLANG_WARN_INFINITE_RECURSION = YES;
				CLANG_WARN_INT_CONVERSION = YES;
				CLANG_WARN_NON_LITERAL_NULL_CONVERSION = YES;
				CLANG_WARN_OBJC_IMPLICIT_RETAIN_SELF = YES;
				CLANG_WARN_OBJC_LITERAL_CONVERSION = YES;
				CLANG_WARN_OBJC_ROOT_CLASS = YES_ERROR;
				CLANG_WARN_QUOTED_INCLUDE_IN_FRAMEWORK_HEADER = YES;
				CLANG_WARN_RANGE_LOOP_ANALYSIS = YES;
				CLANG_WARN_STRICT_PROTOTYPES = YES;
				CLANG_WARN_SUSPICIOUS_MOVE = YES;
				CLANG_WARN_UNGUARDED_AVAILABILITY = YES_AGGRESSIVE;
				CLANG_WARN_UNREACHABLE_CODE = YES;
				CLANG_WARN__DUPLICATE_METHOD_MATCH = YES;
				COPY_PHASE_STRIP = NO;
				DEBUG_INFORMATION_FORMAT = dwarf;
				ENABLE_STRICT_OBJC_MSGSEND = YES;
				ENABLE_TESTABILITY = YES;
				ENABLE_USER_SCRIPT_SANDBOXING = YES;
				GCC_C_LANGUAGE_STANDARD = gnu17;
				GCC_DYNAMIC_NO_PIC = NO;
				GCC_NO_COMMON_BLOCKS = YES;
				GCC_OPTIMIZATION_LEVEL = 0;
				GCC_PREPROCESSOR_DEFINITIONS = (
					"DEBUG=1",
					"$(inherited)",
				);
				GCC_WARN_64_TO_32_BIT_CONVERSION = YES;
				GCC_WARN_ABOUT_RETURN_TYPE = YES_ERROR;
				GCC_WARN_UNDECLARED_SELECTOR = YES;
				GCC_WARN_UNINITIALIZED_AUTOS = YES_AGGRESSIVE;
				GCC_WARN_UNUSED_FUNCTION = YES;
				GCC_WARN_UNUSED_VARIABLE = YES;
				IPHONEOS_DEPLOYMENT_TARGET = 14.0;
				LOCALIZATION_PREFERS_STRING_CATALOGS = YES;
				MTL_ENABLE_DEBUG_INFO = INCLUDE_SOURCE;
				MTL_FAST_MATH = YES;
				ONLY_ACTIVE_ARCH = YES;
				SDKROOT = iphoneos;
				SWIFT_ACTIVE_COMPILATION_CONDITIONS = "DEBUG $(inherited)";
				SWIFT_OPTIMIZATION_LEVEL = "-Onone";
			};
			name = Debug;
		};
		39FD20382ABEA256008C6DF5 /* Release */ = {
			isa = XCBuildConfiguration;
			buildSettings = {
				ALWAYS_SEARCH_USER_PATHS = NO;
				ASSETCATALOG_COMPILER_GENERATE_SWIFT_ASSET_SYMBOL_EXTENSIONS = YES;
				CLANG_ANALYZER_LOCALIZABILITY_NONLOCALIZED = YES;
				CLANG_ANALYZER_NONNULL = YES;
				CLANG_ANALYZER_NUMBER_OBJECT_CONVERSION = YES_AGGRESSIVE;
				CLANG_CXX_LANGUAGE_STANDARD = "gnu++20";
				CLANG_ENABLE_MODULES = YES;
				CLANG_ENABLE_OBJC_ARC = YES;
				CLANG_ENABLE_OBJC_WEAK = YES;
				CLANG_WARN_BLOCK_CAPTURE_AUTORELEASING = YES;
				CLANG_WARN_BOOL_CONVERSION = YES;
				CLANG_WARN_COMMA = YES;
				CLANG_WARN_CONSTANT_CONVERSION = YES;
				CLANG_WARN_DEPRECATED_OBJC_IMPLEMENTATIONS = YES;
				CLANG_WARN_DIRECT_OBJC_ISA_USAGE = YES_ERROR;
				CLANG_WARN_DOCUMENTATION_COMMENTS = YES;
				CLANG_WARN_EMPTY_BODY = YES;
				CLANG_WARN_ENUM_CONVERSION = YES;
				CLANG_WARN_INFINITE_RECURSION = YES;
				CLANG_WARN_INT_CONVERSION = YES;
				CLANG_WARN_NON_LITERAL_NULL_CONVERSION = YES;
				CLANG_WARN_OBJC_IMPLICIT_RETAIN_SELF = YES;
				CLANG_WARN_OBJC_LITERAL_CONVERSION = YES;
				CLANG_WARN_OBJC_ROOT_CLASS = YES_ERROR;
				CLANG_WARN_QUOTED_INCLUDE_IN_FRAMEWORK_HEADER = YES;
				CLANG_WARN_RANGE_LOOP_ANALYSIS = YES;
				CLANG_WARN_STRICT_PROTOTYPES = YES;
				CLANG_WARN_SUSPICIOUS_MOVE = YES;
				CLANG_WARN_UNGUARDED_AVAILABILITY = YES_AGGRESSIVE;
				CLANG_WARN_UNREACHABLE_CODE = YES;
				CLANG_WARN__DUPLICATE_METHOD_MATCH = YES;
				COPY_PHASE_STRIP = NO;
				DEBUG_INFORMATION_FORMAT = "dwarf-with-dsym";
				ENABLE_NS_ASSERTIONS = NO;
				ENABLE_STRICT_OBJC_MSGSEND = YES;
				ENABLE_USER_SCRIPT_SANDBOXING = YES;
				GCC_C_LANGUAGE_STANDARD = gnu17;
				GCC_NO_COMMON_BLOCKS = YES;
				GCC_WARN_64_TO_32_BIT_CONVERSION = YES;
				GCC_WARN_ABOUT_RETURN_TYPE = YES_ERROR;
				GCC_WARN_UNDECLARED_SELECTOR = YES;
				GCC_WARN_UNINITIALIZED_AUTOS = YES_AGGRESSIVE;
				GCC_WARN_UNUSED_FUNCTION = YES;
				GCC_WARN_UNUSED_VARIABLE = YES;
				IPHONEOS_DEPLOYMENT_TARGET = 14.0;
				LOCALIZATION_PREFERS_STRING_CATALOGS = YES;
				MTL_ENABLE_DEBUG_INFO = NO;
				MTL_FAST_MATH = YES;
				SDKROOT = iphoneos;
				SWIFT_COMPILATION_MODE = wholemodule;
				VALIDATE_PRODUCT = YES;
			};
			name = Release;
		};
		39FD203A2ABEA256008C6DF5 /* Debug */ = {
			isa = XCBuildConfiguration;
			buildSettings = {
				ASSETCATALOG_COMPILER_APPICON_NAME = AppIcon;
				ASSETCATALOG_COMPILER_GLOBAL_ACCENT_COLOR_NAME = AccentColor;
				CODE_SIGN_STYLE = Automatic;
				CURRENT_PROJECT_VERSION = 1;
				DEVELOPMENT_TEAM = ZH5GA3W8UP;
				GENERATE_INFOPLIST_FILE = YES;
				INFOPLIST_FILE = "spotify-practice/Info.plist";
				INFOPLIST_KEY_UIApplicationSupportsIndirectInputEvents = YES;
				INFOPLIST_KEY_UILaunchStoryboardName = LaunchScreen;
				INFOPLIST_KEY_UISupportedInterfaceOrientations_iPad = "UIInterfaceOrientationPortrait UIInterfaceOrientationPortraitUpsideDown UIInterfaceOrientationLandscapeLeft UIInterfaceOrientationLandscapeRight";
				INFOPLIST_KEY_UISupportedInterfaceOrientations_iPhone = "UIInterfaceOrientationPortrait UIInterfaceOrientationLandscapeLeft UIInterfaceOrientationLandscapeRight";
				IPHONEOS_DEPLOYMENT_TARGET = 14.0;
				LD_RUNPATH_SEARCH_PATHS = (
					"$(inherited)",
					"@executable_path/Frameworks",
				);
				MARKETING_VERSION = 1.0;
				PRODUCT_BUNDLE_IDENTIFIER = "dev.heon.spotify-practice";
				PRODUCT_NAME = "$(TARGET_NAME)";
				SWIFT_EMIT_LOC_STRINGS = YES;
				SWIFT_VERSION = 5.0;
				TARGETED_DEVICE_FAMILY = "1,2";
			};
			name = Debug;
		};
		39FD203B2ABEA256008C6DF5 /* Release */ = {
			isa = XCBuildConfiguration;
			buildSettings = {
				ASSETCATALOG_COMPILER_APPICON_NAME = AppIcon;
				ASSETCATALOG_COMPILER_GLOBAL_ACCENT_COLOR_NAME = AccentColor;
				CODE_SIGN_STYLE = Automatic;
				CURRENT_PROJECT_VERSION = 1;
				DEVELOPMENT_TEAM = ZH5GA3W8UP;
				GENERATE_INFOPLIST_FILE = YES;
				INFOPLIST_FILE = "spotify-practice/Info.plist";
				INFOPLIST_KEY_UIApplicationSupportsIndirectInputEvents = YES;
				INFOPLIST_KEY_UILaunchStoryboardName = LaunchScreen;
				INFOPLIST_KEY_UISupportedInterfaceOrientations_iPad = "UIInterfaceOrientationPortrait UIInterfaceOrientationPortraitUpsideDown UIInterfaceOrientationLandscapeLeft UIInterfaceOrientationLandscapeRight";
				INFOPLIST_KEY_UISupportedInterfaceOrientations_iPhone = "UIInterfaceOrientationPortrait UIInterfaceOrientationLandscapeLeft UIInterfaceOrientationLandscapeRight";
				IPHONEOS_DEPLOYMENT_TARGET = 14.0;
				LD_RUNPATH_SEARCH_PATHS = (
					"$(inherited)",
					"@executable_path/Frameworks",
				);
				MARKETING_VERSION = 1.0;
				PRODUCT_BUNDLE_IDENTIFIER = "dev.heon.spotify-practice";
				PRODUCT_NAME = "$(TARGET_NAME)";
				SWIFT_EMIT_LOC_STRINGS = YES;
				SWIFT_VERSION = 5.0;
				TARGETED_DEVICE_FAMILY = "1,2";
			};
			name = Release;
		};
/* End XCBuildConfiguration section */

/* Begin XCConfigurationList section */
		39FD20202ABEA255008C6DF5 /* Build configuration list for PBXProject "spotify-practice" */ = {
			isa = XCConfigurationList;
			buildConfigurations = (
				39FD20372ABEA256008C6DF5 /* Debug */,
				39FD20382ABEA256008C6DF5 /* Release */,
			);
			defaultConfigurationIsVisible = 0;
			defaultConfigurationName = Release;
		};
		39FD20392ABEA256008C6DF5 /* Build configuration list for PBXNativeTarget "spotify-practice" */ = {
			isa = XCConfigurationList;
			buildConfigurations = (
				39FD203A2ABEA256008C6DF5 /* Debug */,
				39FD203B2ABEA256008C6DF5 /* Release */,
			);
			defaultConfigurationIsVisible = 0;
			defaultConfigurationName = Release;
		};
/* End XCConfigurationList section */

/* Begin XCRemoteSwiftPackageReference section */
		39FD204C2ABEB0B1008C6DF5 /* XCRemoteSwiftPackageReference "SnapKit" */ = {
			isa = XCRemoteSwiftPackageReference;
			repositoryURL = "git@github.com:SnapKit/SnapKit.git";
			requirement = {
				kind = upToNextMinorVersion;
				minimumVersion = 5.6.0;
			};
		};
/* End XCRemoteSwiftPackageReference section */

/* Begin XCSwiftPackageProductDependency section */
		39FD204D2ABEB0B1008C6DF5 /* SnapKit */ = {
			isa = XCSwiftPackageProductDependency;
			package = 39FD204C2ABEB0B1008C6DF5 /* XCRemoteSwiftPackageReference "SnapKit" */;
			productName = SnapKit;
		};
/* End XCSwiftPackageProductDependency section */
	};
	rootObject = 39FD201D2ABEA255008C6DF5 /* Project object */;
}
